// !$*UTF8*$!
{
	archiveVersion = 1;
	classes = {
	};
	objectVersion = 50;
	objects = {

/* Begin PBXBuildFile section */
		FE191C67212144A800239472 /* GZIP.h in Headers */ = {isa = PBXBuildFile; fileRef = FE191C06212144A700239472 /* GZIP.h */; };
		FE191C68212144A800239472 /* WT_GZIP.h in Headers */ = {isa = PBXBuildFile; fileRef = FE191C07212144A700239472 /* WT_GZIP.h */; };
		FE191C69212144A800239472 /* GZIP.m in Sources */ = {isa = PBXBuildFile; fileRef = FE191C08212144A700239472 /* GZIP.m */; };
		FE191C6A212144A800239472 /* WT_GZIP.m in Sources */ = {isa = PBXBuildFile; fileRef = FE191C09212144A700239472 /* WT_GZIP.m */; };
		FE191C6B212144A800239472 /* RevenueJson.h in Headers */ = {isa = PBXBuildFile; fileRef = FE191C0C212144A700239472 /* RevenueJson.h */; };
		FE191C6C212144A800239472 /* RevenueData.m in Sources */ = {isa = PBXBuildFile; fileRef = FE191C0D212144A700239472 /* RevenueData.m */; };
		FE191C6D212144A800239472 /* RevenueJson.m in Sources */ = {isa = PBXBuildFile; fileRef = FE191C0E212144A700239472 /* RevenueJson.m */; };
		FE191C6E212144A800239472 /* RevenueData.h in Headers */ = {isa = PBXBuildFile; fileRef = FE191C0F212144A700239472 /* RevenueData.h */; };
		FE191C6F212144A800239472 /* NHNTLog.h in Headers */ = {isa = PBXBuildFile; fileRef = FE191C11212144A700239472 /* NHNTLog.h */; };
		FE191C70212144A800239472 /* NHNetworkClock.h in Headers */ = {isa = PBXBuildFile; fileRef = FE191C12212144A700239472 /* NHNetworkClock.h */; };
		FE191C71212144A800239472 /* GCDAsyncUdpSocket.m in Sources */ = {isa = PBXBuildFile; fileRef = FE191C13212144A700239472 /* GCDAsyncUdpSocket.m */; };
		FE191C72212144A800239472 /* NHNetAssociation.m in Sources */ = {isa = PBXBuildFile; fileRef = FE191C14212144A700239472 /* NHNetAssociation.m */; };
		FE191C73212144A800239472 /* NSDate+NetworkClock.m in Sources */ = {isa = PBXBuildFile; fileRef = FE191C15212144A700239472 /* NSDate+NetworkClock.m */; };
		FE191C74212144A800239472 /* NHNetAssociation.h in Headers */ = {isa = PBXBuildFile; fileRef = FE191C16212144A700239472 /* NHNetAssociation.h */; };
		FE191C75212144A800239472 /* GCDAsyncUdpSocket.h in Headers */ = {isa = PBXBuildFile; fileRef = FE191C17212144A700239472 /* GCDAsyncUdpSocket.h */; };
		FE191C76212144A800239472 /* NHNetworkClock.m in Sources */ = {isa = PBXBuildFile; fileRef = FE191C18212144A700239472 /* NHNetworkClock.m */; };
		FE191C77212144A800239472 /* NHNetworkTime.h in Headers */ = {isa = PBXBuildFile; fileRef = FE191C19212144A700239472 /* NHNetworkTime.h */; };
		FE191C78212144A800239472 /* NSDate+NetworkClock.h in Headers */ = {isa = PBXBuildFile; fileRef = FE191C1A212144A700239472 /* NSDate+NetworkClock.h */; };
		FE191C79212144A800239472 /* PagesJson.m in Sources */ = {isa = PBXBuildFile; fileRef = FE191C1D212144A700239472 /* PagesJson.m */; };
		FE191C7A212144A800239472 /* PagesJson.h in Headers */ = {isa = PBXBuildFile; fileRef = FE191C1E212144A700239472 /* PagesJson.h */; };
		FE191C7B212144A800239472 /* SessionController.h in Headers */ = {isa = PBXBuildFile; fileRef = FE191C21212144A800239472 /* SessionController.h */; };
		FE191C7C212144A800239472 /* SessionController.m in Sources */ = {isa = PBXBuildFile; fileRef = FE191C22212144A800239472 /* SessionController.m */; };
		FE191C7D212144A800239472 /* SessionManager.m in Sources */ = {isa = PBXBuildFile; fileRef = FE191C24212144A800239472 /* SessionManager.m */; };
		FE191C7E212144A800239472 /* SessionManager.h in Headers */ = {isa = PBXBuildFile; fileRef = FE191C25212144A800239472 /* SessionManager.h */; };
		FE191C7F212144A800239472 /* VisitAction.m in Sources */ = {isa = PBXBuildFile; fileRef = FE191C27212144A800239472 /* VisitAction.m */; };
		FE191C80212144A800239472 /* SessionJson.m in Sources */ = {isa = PBXBuildFile; fileRef = FE191C28212144A800239472 /* SessionJson.m */; };
		FE191C81212144A800239472 /* Visit.h in Headers */ = {isa = PBXBuildFile; fileRef = FE191C29212144A800239472 /* Visit.h */; };
		FE191C82212144A800239472 /* Environment.h in Headers */ = {isa = PBXBuildFile; fileRef = FE191C2A212144A800239472 /* Environment.h */; };
		FE191C83212144A800239472 /* VisitAction.h in Headers */ = {isa = PBXBuildFile; fileRef = FE191C2B212144A800239472 /* VisitAction.h */; };
		FE191C84212144A800239472 /* Visit.m in Sources */ = {isa = PBXBuildFile; fileRef = FE191C2C212144A800239472 /* Visit.m */; };
		FE191C85212144A800239472 /* SessionJson.h in Headers */ = {isa = PBXBuildFile; fileRef = FE191C2D212144A800239472 /* SessionJson.h */; };
		FE191C86212144A800239472 /* Environment.m in Sources */ = {isa = PBXBuildFile; fileRef = FE191C2E212144A800239472 /* Environment.m */; };
		FE191C87212144A800239472 /* NetworkManager.h in Headers */ = {isa = PBXBuildFile; fileRef = FE191C30212144A800239472 /* NetworkManager.h */; };
		FE191C88212144A800239472 /* DOTAPIConstant.h in Headers */ = {isa = PBXBuildFile; fileRef = FE191C31212144A800239472 /* DOTAPIConstant.h */; };
		FE191C89212144A800239472 /* NetworkManager.m in Sources */ = {isa = PBXBuildFile; fileRef = FE191C32212144A800239472 /* NetworkManager.m */; };
		FE191C8A212144A800239472 /* Tracker.m in Sources */ = {isa = PBXBuildFile; fileRef = FE191C34212144A800239472 /* Tracker.m */; };
		FE191C8B212144A800239472 /* Tracker.h in Headers */ = {isa = PBXBuildFile; fileRef = FE191C35212144A800239472 /* Tracker.h */; };
		FE191C8C212144A800239472 /* GoalJson.m in Sources */ = {isa = PBXBuildFile; fileRef = FE191C38212144A800239472 /* GoalJson.m */; };
		FE191C8D212144A800239472 /* GoalJson.h in Headers */ = {isa = PBXBuildFile; fileRef = FE191C39212144A800239472 /* GoalJson.h */; };
		FE191C8E212144A800239472 /* NSData+AESCrypt.h in Headers */ = {isa = PBXBuildFile; fileRef = FE191C3B212144A800239472 /* NSData+AESCrypt.h */; };
		FE191C8F212144A800239472 /* NSString+AESCrypt.h in Headers */ = {isa = PBXBuildFile; fileRef = FE191C3C212144A800239472 /* NSString+AESCrypt.h */; };
		FE191C90212144A800239472 /* DOTUtil.h in Headers */ = {isa = PBXBuildFile; fileRef = FE191C3D212144A800239472 /* DOTUtil.h */; };
		FE191C91212144A800239472 /* DOTConstant.h in Headers */ = {isa = PBXBuildFile; fileRef = FE191C3E212144A800239472 /* DOTConstant.h */; };
		FE191C92212144A800239472 /* DOTReachability.h in Headers */ = {isa = PBXBuildFile; fileRef = FE191C3F212144A800239472 /* DOTReachability.h */; };
		FE191C93212144A800239472 /* NSString+AESCrypt.m in Sources */ = {isa = PBXBuildFile; fileRef = FE191C40212144A800239472 /* NSString+AESCrypt.m */; };
		FE191C94212144A800239472 /* NSData+AESCrypt.m in Sources */ = {isa = PBXBuildFile; fileRef = FE191C41212144A800239472 /* NSData+AESCrypt.m */; };
		FE191C95212144A800239472 /* DOTUtil.m in Sources */ = {isa = PBXBuildFile; fileRef = FE191C42212144A800239472 /* DOTUtil.m */; };
		FE191C96212144A800239472 /* DOTReachability.m in Sources */ = {isa = PBXBuildFile; fileRef = FE191C43212144A800239472 /* DOTReachability.m */; };
		FE191C97212144A800239472 /* Product.h in Headers */ = {isa = PBXBuildFile; fileRef = FE191C47212144A800239472 /* Product.h */; };
		FE191C98212144A800239472 /* CustomValue.h in Headers */ = {isa = PBXBuildFile; fileRef = FE191C48212144A800239472 /* CustomValue.h */; };
		FE191C99212144A800239472 /* Product.m in Sources */ = {isa = PBXBuildFile; fileRef = FE191C49212144A800239472 /* Product.m */; };
		FE191C9A212144A800239472 /* CustomValue.m in Sources */ = {isa = PBXBuildFile; fileRef = FE191C4A212144A800239472 /* CustomValue.m */; };
		FE191C9B212144A800239472 /* Page.h in Headers */ = {isa = PBXBuildFile; fileRef = FE191C4D212144A800239472 /* Page.h */; settings = {ATTRIBUTES = (Public, ); }; };
		FE191C9C212144A800239472 /* Page.m in Sources */ = {isa = PBXBuildFile; fileRef = FE191C4E212144A800239472 /* Page.m */; };
		FE191C9D212144A800239472 /* Click.m in Sources */ = {isa = PBXBuildFile; fileRef = FE191C50212144A800239472 /* Click.m */; };
		FE191C9E212144A800239472 /* Click.h in Headers */ = {isa = PBXBuildFile; fileRef = FE191C51212144A800239472 /* Click.h */; settings = {ATTRIBUTES = (Public, ); }; };
		FE191C9F212144A800239472 /* User.m in Sources */ = {isa = PBXBuildFile; fileRef = FE191C53212144A800239472 /* User.m */; };
		FE191CA0212144A800239472 /* User.h in Headers */ = {isa = PBXBuildFile; fileRef = FE191C54212144A800239472 /* User.h */; settings = {ATTRIBUTES = (Public, ); }; };
		FE191CA1212144A800239472 /* Conversion.h in Headers */ = {isa = PBXBuildFile; fileRef = FE191C56212144A800239472 /* Conversion.h */; settings = {ATTRIBUTES = (Public, ); }; };
		FE191CA2212144A800239472 /* Conversion.m in Sources */ = {isa = PBXBuildFile; fileRef = FE191C57212144A800239472 /* Conversion.m */; };
		FE191CA3212144A800239472 /* Purchase.m in Sources */ = {isa = PBXBuildFile; fileRef = FE191C59212144A800239472 /* Purchase.m */; };
		FE191CA4212144A800239472 /* Purchase.h in Headers */ = {isa = PBXBuildFile; fileRef = FE191C5A212144A800239472 /* Purchase.h */; settings = {ATTRIBUTES = (Public, ); }; };
		FE191CA5212144A800239472 /* Referrer.m in Sources */ = {isa = PBXBuildFile; fileRef = FE191C5C212144A800239472 /* Referrer.m */; };
		FE191CA6212144A800239472 /* Referrer.h in Headers */ = {isa = PBXBuildFile; fileRef = FE191C5D212144A800239472 /* Referrer.h */; settings = {ATTRIBUTES = (Public, ); }; };
		FE191CA7212144A800239472 /* ClickData.m in Sources */ = {isa = PBXBuildFile; fileRef = FE191C60212144A800239472 /* ClickData.m */; };
		FE191CA8212144A800239472 /* ClickJson.h in Headers */ = {isa = PBXBuildFile; fileRef = FE191C61212144A800239472 /* ClickJson.h */; };
		FE191CA9212144A800239472 /* ClickData.h in Headers */ = {isa = PBXBuildFile; fileRef = FE191C62212144A800239472 /* ClickData.h */; };
		FE191CAA212144A800239472 /* ClickJson.m in Sources */ = {isa = PBXBuildFile; fileRef = FE191C63212144A800239472 /* ClickJson.m */; };
		FE191CAB212144A800239472 /* LocalDB.m in Sources */ = {isa = PBXBuildFile; fileRef = FE191C65212144A800239472 /* LocalDB.m */; };
		FE191CAC212144A800239472 /* LocalDB.h in Headers */ = {isa = PBXBuildFile; fileRef = FE191C66212144A800239472 /* LocalDB.h */; };
		FE191CB0212144D100239472 /* DOT.m in Sources */ = {isa = PBXBuildFile; fileRef = FE191CAE212144D100239472 /* DOT.m */; };
		FE779E9721215F68004070FA /* CouchbaseLite.framework in Frameworks */ = {isa = PBXBuildFile; fileRef = FE779E9621215F68004070FA /* CouchbaseLite.framework */; };
/* End PBXBuildFile section */

/* Begin PBXCopyFilesBuildPhase section */
		FE191CB8212145A500239472 /* CopyFiles */ = {
			isa = PBXCopyFilesBuildPhase;
			buildActionMask = 2147483647;
			dstPath = "";
			dstSubfolderSpec = 10;
			files = (
			);
			runOnlyForDeploymentPostprocessing = 0;
		};
/* End PBXCopyFilesBuildPhase section */

/* Begin PBXFileReference section */
		FE191BFA2121444300239472 /* DOT.framework */ = {isa = PBXFileReference; explicitFileType = wrapper.framework; includeInIndex = 0; path = DOT.framework; sourceTree = BUILT_PRODUCTS_DIR; };
		FE191BFE2121444300239472 /* Info.plist */ = {isa = PBXFileReference; lastKnownFileType = text.plist.xml; path = Info.plist; sourceTree = "<group>"; };
		FE191C06212144A700239472 /* GZIP.h */ = {isa = PBXFileReference; fileEncoding = 4; lastKnownFileType = sourcecode.c.h; path = GZIP.h; sourceTree = "<group>"; };
		FE191C07212144A700239472 /* WT_GZIP.h */ = {isa = PBXFileReference; fileEncoding = 4; lastKnownFileType = sourcecode.c.h; path = WT_GZIP.h; sourceTree = "<group>"; };
		FE191C08212144A700239472 /* GZIP.m */ = {isa = PBXFileReference; fileEncoding = 4; lastKnownFileType = sourcecode.c.objc; path = GZIP.m; sourceTree = "<group>"; };
		FE191C09212144A700239472 /* WT_GZIP.m */ = {isa = PBXFileReference; fileEncoding = 4; lastKnownFileType = sourcecode.c.objc; path = WT_GZIP.m; sourceTree = "<group>"; };
		FE191C0C212144A700239472 /* RevenueJson.h */ = {isa = PBXFileReference; fileEncoding = 4; lastKnownFileType = sourcecode.c.h; path = RevenueJson.h; sourceTree = "<group>"; };
		FE191C0D212144A700239472 /* RevenueData.m */ = {isa = PBXFileReference; fileEncoding = 4; lastKnownFileType = sourcecode.c.objc; path = RevenueData.m; sourceTree = "<group>"; };
		FE191C0E212144A700239472 /* RevenueJson.m */ = {isa = PBXFileReference; fileEncoding = 4; lastKnownFileType = sourcecode.c.objc; path = RevenueJson.m; sourceTree = "<group>"; };
		FE191C0F212144A700239472 /* RevenueData.h */ = {isa = PBXFileReference; fileEncoding = 4; lastKnownFileType = sourcecode.c.h; path = RevenueData.h; sourceTree = "<group>"; };
		FE191C11212144A700239472 /* NHNTLog.h */ = {isa = PBXFileReference; fileEncoding = 4; lastKnownFileType = sourcecode.c.h; path = NHNTLog.h; sourceTree = "<group>"; };
		FE191C12212144A700239472 /* NHNetworkClock.h */ = {isa = PBXFileReference; fileEncoding = 4; lastKnownFileType = sourcecode.c.h; path = NHNetworkClock.h; sourceTree = "<group>"; };
		FE191C13212144A700239472 /* GCDAsyncUdpSocket.m */ = {isa = PBXFileReference; fileEncoding = 4; lastKnownFileType = sourcecode.c.objc; path = GCDAsyncUdpSocket.m; sourceTree = "<group>"; };
		FE191C14212144A700239472 /* NHNetAssociation.m */ = {isa = PBXFileReference; fileEncoding = 4; lastKnownFileType = sourcecode.c.objc; path = NHNetAssociation.m; sourceTree = "<group>"; };
		FE191C15212144A700239472 /* NSDate+NetworkClock.m */ = {isa = PBXFileReference; fileEncoding = 4; lastKnownFileType = sourcecode.c.objc; path = "NSDate+NetworkClock.m"; sourceTree = "<group>"; };
		FE191C16212144A700239472 /* NHNetAssociation.h */ = {isa = PBXFileReference; fileEncoding = 4; lastKnownFileType = sourcecode.c.h; path = NHNetAssociation.h; sourceTree = "<group>"; };
		FE191C17212144A700239472 /* GCDAsyncUdpSocket.h */ = {isa = PBXFileReference; fileEncoding = 4; lastKnownFileType = sourcecode.c.h; path = GCDAsyncUdpSocket.h; sourceTree = "<group>"; };
		FE191C18212144A700239472 /* NHNetworkClock.m */ = {isa = PBXFileReference; fileEncoding = 4; lastKnownFileType = sourcecode.c.objc; path = NHNetworkClock.m; sourceTree = "<group>"; };
		FE191C19212144A700239472 /* NHNetworkTime.h */ = {isa = PBXFileReference; fileEncoding = 4; lastKnownFileType = sourcecode.c.h; path = NHNetworkTime.h; sourceTree = "<group>"; };
		FE191C1A212144A700239472 /* NSDate+NetworkClock.h */ = {isa = PBXFileReference; fileEncoding = 4; lastKnownFileType = sourcecode.c.h; path = "NSDate+NetworkClock.h"; sourceTree = "<group>"; };
		FE191C1D212144A700239472 /* PagesJson.m */ = {isa = PBXFileReference; fileEncoding = 4; lastKnownFileType = sourcecode.c.objc; path = PagesJson.m; sourceTree = "<group>"; };
		FE191C1E212144A700239472 /* PagesJson.h */ = {isa = PBXFileReference; fileEncoding = 4; lastKnownFileType = sourcecode.c.h; path = PagesJson.h; sourceTree = "<group>"; };
		FE191C21212144A800239472 /* SessionController.h */ = {isa = PBXFileReference; fileEncoding = 4; lastKnownFileType = sourcecode.c.h; path = SessionController.h; sourceTree = "<group>"; };
		FE191C22212144A800239472 /* SessionController.m */ = {isa = PBXFileReference; fileEncoding = 4; lastKnownFileType = sourcecode.c.objc; path = SessionController.m; sourceTree = "<group>"; };
		FE191C24212144A800239472 /* SessionManager.m */ = {isa = PBXFileReference; fileEncoding = 4; lastKnownFileType = sourcecode.c.objc; path = SessionManager.m; sourceTree = "<group>"; };
		FE191C25212144A800239472 /* SessionManager.h */ = {isa = PBXFileReference; fileEncoding = 4; lastKnownFileType = sourcecode.c.h; path = SessionManager.h; sourceTree = "<group>"; };
		FE191C27212144A800239472 /* VisitAction.m */ = {isa = PBXFileReference; fileEncoding = 4; lastKnownFileType = sourcecode.c.objc; path = VisitAction.m; sourceTree = "<group>"; };
		FE191C28212144A800239472 /* SessionJson.m */ = {isa = PBXFileReference; fileEncoding = 4; lastKnownFileType = sourcecode.c.objc; path = SessionJson.m; sourceTree = "<group>"; };
		FE191C29212144A800239472 /* Visit.h */ = {isa = PBXFileReference; fileEncoding = 4; lastKnownFileType = sourcecode.c.h; path = Visit.h; sourceTree = "<group>"; };
		FE191C2A212144A800239472 /* Environment.h */ = {isa = PBXFileReference; fileEncoding = 4; lastKnownFileType = sourcecode.c.h; path = Environment.h; sourceTree = "<group>"; };
		FE191C2B212144A800239472 /* VisitAction.h */ = {isa = PBXFileReference; fileEncoding = 4; lastKnownFileType = sourcecode.c.h; path = VisitAction.h; sourceTree = "<group>"; };
		FE191C2C212144A800239472 /* Visit.m */ = {isa = PBXFileReference; fileEncoding = 4; lastKnownFileType = sourcecode.c.objc; path = Visit.m; sourceTree = "<group>"; };
		FE191C2D212144A800239472 /* SessionJson.h */ = {isa = PBXFileReference; fileEncoding = 4; lastKnownFileType = sourcecode.c.h; path = SessionJson.h; sourceTree = "<group>"; };
		FE191C2E212144A800239472 /* Environment.m */ = {isa = PBXFileReference; fileEncoding = 4; lastKnownFileType = sourcecode.c.objc; path = Environment.m; sourceTree = "<group>"; };
		FE191C30212144A800239472 /* NetworkManager.h */ = {isa = PBXFileReference; fileEncoding = 4; lastKnownFileType = sourcecode.c.h; path = NetworkManager.h; sourceTree = "<group>"; };
		FE191C31212144A800239472 /* DOTAPIConstant.h */ = {isa = PBXFileReference; fileEncoding = 4; lastKnownFileType = sourcecode.c.h; path = DOTAPIConstant.h; sourceTree = "<group>"; };
		FE191C32212144A800239472 /* NetworkManager.m */ = {isa = PBXFileReference; fileEncoding = 4; lastKnownFileType = sourcecode.c.objc; path = NetworkManager.m; sourceTree = "<group>"; };
		FE191C34212144A800239472 /* Tracker.m */ = {isa = PBXFileReference; fileEncoding = 4; lastKnownFileType = sourcecode.c.objc; path = Tracker.m; sourceTree = "<group>"; };
		FE191C35212144A800239472 /* Tracker.h */ = {isa = PBXFileReference; fileEncoding = 4; lastKnownFileType = sourcecode.c.h; path = Tracker.h; sourceTree = "<group>"; };
		FE191C38212144A800239472 /* GoalJson.m */ = {isa = PBXFileReference; fileEncoding = 4; lastKnownFileType = sourcecode.c.objc; path = GoalJson.m; sourceTree = "<group>"; };
		FE191C39212144A800239472 /* GoalJson.h */ = {isa = PBXFileReference; fileEncoding = 4; lastKnownFileType = sourcecode.c.h; path = GoalJson.h; sourceTree = "<group>"; };
		FE191C3B212144A800239472 /* NSData+AESCrypt.h */ = {isa = PBXFileReference; fileEncoding = 4; lastKnownFileType = sourcecode.c.h; path = "NSData+AESCrypt.h"; sourceTree = "<group>"; };
		FE191C3C212144A800239472 /* NSString+AESCrypt.h */ = {isa = PBXFileReference; fileEncoding = 4; lastKnownFileType = sourcecode.c.h; path = "NSString+AESCrypt.h"; sourceTree = "<group>"; };
		FE191C3D212144A800239472 /* DOTUtil.h */ = {isa = PBXFileReference; fileEncoding = 4; lastKnownFileType = sourcecode.c.h; path = DOTUtil.h; sourceTree = "<group>"; };
		FE191C3E212144A800239472 /* DOTConstant.h */ = {isa = PBXFileReference; fileEncoding = 4; lastKnownFileType = sourcecode.c.h; path = DOTConstant.h; sourceTree = "<group>"; };
		FE191C3F212144A800239472 /* DOTReachability.h */ = {isa = PBXFileReference; fileEncoding = 4; lastKnownFileType = sourcecode.c.h; path = DOTReachability.h; sourceTree = "<group>"; };
		FE191C40212144A800239472 /* NSString+AESCrypt.m */ = {isa = PBXFileReference; fileEncoding = 4; lastKnownFileType = sourcecode.c.objc; path = "NSString+AESCrypt.m"; sourceTree = "<group>"; };
		FE191C41212144A800239472 /* NSData+AESCrypt.m */ = {isa = PBXFileReference; fileEncoding = 4; lastKnownFileType = sourcecode.c.objc; path = "NSData+AESCrypt.m"; sourceTree = "<group>"; };
		FE191C42212144A800239472 /* DOTUtil.m */ = {isa = PBXFileReference; fileEncoding = 4; lastKnownFileType = sourcecode.c.objc; path = DOTUtil.m; sourceTree = "<group>"; };
		FE191C43212144A800239472 /* DOTReachability.m */ = {isa = PBXFileReference; fileEncoding = 4; lastKnownFileType = sourcecode.c.objc; path = DOTReachability.m; sourceTree = "<group>"; };
		FE191C47212144A800239472 /* Product.h */ = {isa = PBXFileReference; fileEncoding = 4; lastKnownFileType = sourcecode.c.h; path = Product.h; sourceTree = "<group>"; };
		FE191C48212144A800239472 /* CustomValue.h */ = {isa = PBXFileReference; fileEncoding = 4; lastKnownFileType = sourcecode.c.h; path = CustomValue.h; sourceTree = "<group>"; };
		FE191C49212144A800239472 /* Product.m */ = {isa = PBXFileReference; fileEncoding = 4; lastKnownFileType = sourcecode.c.objc; path = Product.m; sourceTree = "<group>"; };
		FE191C4A212144A800239472 /* CustomValue.m */ = {isa = PBXFileReference; fileEncoding = 4; lastKnownFileType = sourcecode.c.objc; path = CustomValue.m; sourceTree = "<group>"; };
		FE191C4D212144A800239472 /* Page.h */ = {isa = PBXFileReference; fileEncoding = 4; lastKnownFileType = sourcecode.c.h; path = Page.h; sourceTree = "<group>"; };
		FE191C4E212144A800239472 /* Page.m */ = {isa = PBXFileReference; fileEncoding = 4; lastKnownFileType = sourcecode.c.objc; path = Page.m; sourceTree = "<group>"; };
		FE191C50212144A800239472 /* Click.m */ = {isa = PBXFileReference; fileEncoding = 4; lastKnownFileType = sourcecode.c.objc; path = Click.m; sourceTree = "<group>"; };
		FE191C51212144A800239472 /* Click.h */ = {isa = PBXFileReference; fileEncoding = 4; lastKnownFileType = sourcecode.c.h; path = Click.h; sourceTree = "<group>"; };
		FE191C53212144A800239472 /* User.m */ = {isa = PBXFileReference; fileEncoding = 4; lastKnownFileType = sourcecode.c.objc; path = User.m; sourceTree = "<group>"; };
		FE191C54212144A800239472 /* User.h */ = {isa = PBXFileReference; fileEncoding = 4; lastKnownFileType = sourcecode.c.h; path = User.h; sourceTree = "<group>"; };
		FE191C56212144A800239472 /* Conversion.h */ = {isa = PBXFileReference; fileEncoding = 4; lastKnownFileType = sourcecode.c.h; path = Conversion.h; sourceTree = "<group>"; };
		FE191C57212144A800239472 /* Conversion.m */ = {isa = PBXFileReference; fileEncoding = 4; lastKnownFileType = sourcecode.c.objc; path = Conversion.m; sourceTree = "<group>"; };
		FE191C59212144A800239472 /* Purchase.m */ = {isa = PBXFileReference; fileEncoding = 4; lastKnownFileType = sourcecode.c.objc; path = Purchase.m; sourceTree = "<group>"; };
		FE191C5A212144A800239472 /* Purchase.h */ = {isa = PBXFileReference; fileEncoding = 4; lastKnownFileType = sourcecode.c.h; path = Purchase.h; sourceTree = "<group>"; };
		FE191C5C212144A800239472 /* Referrer.m */ = {isa = PBXFileReference; fileEncoding = 4; lastKnownFileType = sourcecode.c.objc; path = Referrer.m; sourceTree = "<group>"; };
		FE191C5D212144A800239472 /* Referrer.h */ = {isa = PBXFileReference; fileEncoding = 4; lastKnownFileType = sourcecode.c.h; path = Referrer.h; sourceTree = "<group>"; };
		FE191C60212144A800239472 /* ClickData.m */ = {isa = PBXFileReference; fileEncoding = 4; lastKnownFileType = sourcecode.c.objc; path = ClickData.m; sourceTree = "<group>"; };
		FE191C61212144A800239472 /* ClickJson.h */ = {isa = PBXFileReference; fileEncoding = 4; lastKnownFileType = sourcecode.c.h; path = ClickJson.h; sourceTree = "<group>"; };
		FE191C62212144A800239472 /* ClickData.h */ = {isa = PBXFileReference; fileEncoding = 4; lastKnownFileType = sourcecode.c.h; path = ClickData.h; sourceTree = "<group>"; };
		FE191C63212144A800239472 /* ClickJson.m */ = {isa = PBXFileReference; fileEncoding = 4; lastKnownFileType = sourcecode.c.objc; path = ClickJson.m; sourceTree = "<group>"; };
		FE191C65212144A800239472 /* LocalDB.m */ = {isa = PBXFileReference; fileEncoding = 4; lastKnownFileType = sourcecode.c.objc; path = LocalDB.m; sourceTree = "<group>"; };
		FE191C66212144A800239472 /* LocalDB.h */ = {isa = PBXFileReference; fileEncoding = 4; lastKnownFileType = sourcecode.c.h; path = LocalDB.h; sourceTree = "<group>"; };
		FE191CAE212144D100239472 /* DOT.m */ = {isa = PBXFileReference; fileEncoding = 4; lastKnownFileType = sourcecode.c.objc; path = DOT.m; sourceTree = "<group>"; };
		FE191CB1212144DB00239472 /* DOT.h */ = {isa = PBXFileReference; lastKnownFileType = sourcecode.c.h; path = DOT.h; sourceTree = "<group>"; };
		FE779E9621215F68004070FA /* CouchbaseLite.framework */ = {isa = PBXFileReference; lastKnownFileType = wrapper.framework; path = CouchbaseLite.framework; sourceTree = "<group>"; };
/* End PBXFileReference section */

/* Begin PBXFrameworksBuildPhase section */
		FE191BF62121444300239472 /* Frameworks */ = {
			isa = PBXFrameworksBuildPhase;
			buildActionMask = 2147483647;
			files = (
				FE779E9721215F68004070FA /* CouchbaseLite.framework in Frameworks */,
			);
			runOnlyForDeploymentPostprocessing = 0;
		};
/* End PBXFrameworksBuildPhase section */

/* Begin PBXGroup section */
		FE191BF02121444300239472 = {
			isa = PBXGroup;
			children = (
				FE191BFC2121444300239472 /* DOT */,
				FE191BFB2121444300239472 /* Products */,
				FE779E9621215F68004070FA /* CouchbaseLite.framework */,
			);
			sourceTree = "<group>";
		};
		FE191BFB2121444300239472 /* Products */ = {
			isa = PBXGroup;
			children = (
				FE191BFA2121444300239472 /* DOT.framework */,
			);
			name = Products;
			sourceTree = "<group>";
		};
		FE191BFC2121444300239472 /* DOT */ = {
			isa = PBXGroup;
			children = (
				FE191C5E212144A800239472 /* Click */,
				FE191C44212144A800239472 /* Developer Interface */,
				FE191C36212144A800239472 /* Goal */,
				FE191C05212144A700239472 /* gzip */,
				FE191C64212144A800239472 /* Local DB */,
				FE191C2F212144A800239472 /* Network Manager */,
				FE191C10212144A700239472 /* NTP */,
				FE191C1B212144A700239472 /* Pages */,
				FE191C0A212144A700239472 /* Revenue */,
				FE191C1F212144A800239472 /* Session */,
				FE191C33212144A800239472 /* Tracker */,
				FE191C3A212144A800239472 /* Util */,
				FE191CB1212144DB00239472 /* DOT.h */,
				FE191CAE212144D100239472 /* DOT.m */,
				FE191BFE2121444300239472 /* Info.plist */,
			);
			path = DOT;
			sourceTree = "<group>";
		};
		FE191C05212144A700239472 /* gzip */ = {
			isa = PBXGroup;
			children = (
				FE191C06212144A700239472 /* GZIP.h */,
				FE191C07212144A700239472 /* WT_GZIP.h */,
				FE191C08212144A700239472 /* GZIP.m */,
				FE191C09212144A700239472 /* WT_GZIP.m */,
			);
			path = gzip;
			sourceTree = "<group>";
		};
		FE191C0A212144A700239472 /* Revenue */ = {
			isa = PBXGroup;
			children = (
				FE191C0B212144A700239472 /* Model */,
			);
			path = Revenue;
			sourceTree = "<group>";
		};
		FE191C0B212144A700239472 /* Model */ = {
			isa = PBXGroup;
			children = (
				FE191C0C212144A700239472 /* RevenueJson.h */,
				FE191C0D212144A700239472 /* RevenueData.m */,
				FE191C0E212144A700239472 /* RevenueJson.m */,
				FE191C0F212144A700239472 /* RevenueData.h */,
			);
			path = Model;
			sourceTree = "<group>";
		};
		FE191C10212144A700239472 /* NTP */ = {
			isa = PBXGroup;
			children = (
				FE191C11212144A700239472 /* NHNTLog.h */,
				FE191C12212144A700239472 /* NHNetworkClock.h */,
				FE191C13212144A700239472 /* GCDAsyncUdpSocket.m */,
				FE191C14212144A700239472 /* NHNetAssociation.m */,
				FE191C15212144A700239472 /* NSDate+NetworkClock.m */,
				FE191C16212144A700239472 /* NHNetAssociation.h */,
				FE191C17212144A700239472 /* GCDAsyncUdpSocket.h */,
				FE191C18212144A700239472 /* NHNetworkClock.m */,
				FE191C19212144A700239472 /* NHNetworkTime.h */,
				FE191C1A212144A700239472 /* NSDate+NetworkClock.h */,
			);
			path = NTP;
			sourceTree = "<group>";
		};
		FE191C1B212144A700239472 /* Pages */ = {
			isa = PBXGroup;
			children = (
				FE191C1C212144A700239472 /* Model */,
			);
			path = Pages;
			sourceTree = "<group>";
		};
		FE191C1C212144A700239472 /* Model */ = {
			isa = PBXGroup;
			children = (
				FE191C1D212144A700239472 /* PagesJson.m */,
				FE191C1E212144A700239472 /* PagesJson.h */,
			);
			path = Model;
			sourceTree = "<group>";
		};
		FE191C1F212144A800239472 /* Session */ = {
			isa = PBXGroup;
			children = (
				FE191C20212144A800239472 /* Controller */,
				FE191C23212144A800239472 /* Manager */,
				FE191C26212144A800239472 /* Model */,
			);
			path = Session;
			sourceTree = "<group>";
		};
		FE191C20212144A800239472 /* Controller */ = {
			isa = PBXGroup;
			children = (
				FE191C21212144A800239472 /* SessionController.h */,
				FE191C22212144A800239472 /* SessionController.m */,
			);
			path = Controller;
			sourceTree = "<group>";
		};
		FE191C23212144A800239472 /* Manager */ = {
			isa = PBXGroup;
			children = (
				FE191C24212144A800239472 /* SessionManager.m */,
				FE191C25212144A800239472 /* SessionManager.h */,
			);
			path = Manager;
			sourceTree = "<group>";
		};
		FE191C26212144A800239472 /* Model */ = {
			isa = PBXGroup;
			children = (
				FE191C27212144A800239472 /* VisitAction.m */,
				FE191C28212144A800239472 /* SessionJson.m */,
				FE191C29212144A800239472 /* Visit.h */,
				FE191C2A212144A800239472 /* Environment.h */,
				FE191C2B212144A800239472 /* VisitAction.h */,
				FE191C2C212144A800239472 /* Visit.m */,
				FE191C2D212144A800239472 /* SessionJson.h */,
				FE191C2E212144A800239472 /* Environment.m */,
			);
			path = Model;
			sourceTree = "<group>";
		};
		FE191C2F212144A800239472 /* Network Manager */ = {
			isa = PBXGroup;
			children = (
				FE191C30212144A800239472 /* NetworkManager.h */,
				FE191C31212144A800239472 /* DOTAPIConstant.h */,
				FE191C32212144A800239472 /* NetworkManager.m */,
			);
			path = "Network Manager";
			sourceTree = "<group>";
		};
		FE191C33212144A800239472 /* Tracker */ = {
			isa = PBXGroup;
			children = (
				FE191C34212144A800239472 /* Tracker.m */,
				FE191C35212144A800239472 /* Tracker.h */,
			);
			path = Tracker;
			sourceTree = "<group>";
		};
		FE191C36212144A800239472 /* Goal */ = {
			isa = PBXGroup;
			children = (
				FE191C37212144A800239472 /* Model */,
			);
			path = Goal;
			sourceTree = "<group>";
		};
		FE191C37212144A800239472 /* Model */ = {
			isa = PBXGroup;
			children = (
				FE191C38212144A800239472 /* GoalJson.m */,
				FE191C39212144A800239472 /* GoalJson.h */,
			);
			path = Model;
			sourceTree = "<group>";
		};
		FE191C3A212144A800239472 /* Util */ = {
			isa = PBXGroup;
			children = (
				FE191C3B212144A800239472 /* NSData+AESCrypt.h */,
				FE191C3C212144A800239472 /* NSString+AESCrypt.h */,
				FE191C3D212144A800239472 /* DOTUtil.h */,
				FE191C3E212144A800239472 /* DOTConstant.h */,
				FE191C3F212144A800239472 /* DOTReachability.h */,
				FE191C40212144A800239472 /* NSString+AESCrypt.m */,
				FE191C41212144A800239472 /* NSData+AESCrypt.m */,
				FE191C42212144A800239472 /* DOTUtil.m */,
				FE191C43212144A800239472 /* DOTReachability.m */,
			);
			path = Util;
			sourceTree = "<group>";
		};
		FE191C44212144A800239472 /* Developer Interface */ = {
			isa = PBXGroup;
			children = (
				FE191C45212144A800239472 /* Model */,
			);
			path = "Developer Interface";
			sourceTree = "<group>";
		};
		FE191C45212144A800239472 /* Model */ = {
			isa = PBXGroup;
			children = (
				FE191C46212144A800239472 /* Data Model */,
				FE191C4B212144A800239472 /* Event Model */,
			);
			path = Model;
			sourceTree = "<group>";
		};
		FE191C46212144A800239472 /* Data Model */ = {
			isa = PBXGroup;
			children = (
				FE191C47212144A800239472 /* Product.h */,
				FE191C48212144A800239472 /* CustomValue.h */,
				FE191C49212144A800239472 /* Product.m */,
				FE191C4A212144A800239472 /* CustomValue.m */,
			);
			path = "Data Model";
			sourceTree = "<group>";
		};
		FE191C4B212144A800239472 /* Event Model */ = {
			isa = PBXGroup;
			children = (
				FE191C4C212144A800239472 /* Page */,
				FE191C4F212144A800239472 /* Click */,
				FE191C52212144A800239472 /* User */,
				FE191C55212144A800239472 /* Conversion */,
				FE191C58212144A800239472 /* Purchase */,
				FE191C5B212144A800239472 /* Referrer */,
			);
			path = "Event Model";
			sourceTree = "<group>";
		};
		FE191C4C212144A800239472 /* Page */ = {
			isa = PBXGroup;
			children = (
				FE191C4D212144A800239472 /* Page.h */,
				FE191C4E212144A800239472 /* Page.m */,
			);
			path = Page;
			sourceTree = "<group>";
		};
		FE191C4F212144A800239472 /* Click */ = {
			isa = PBXGroup;
			children = (
				FE191C50212144A800239472 /* Click.m */,
				FE191C51212144A800239472 /* Click.h */,
			);
			path = Click;
			sourceTree = "<group>";
		};
		FE191C52212144A800239472 /* User */ = {
			isa = PBXGroup;
			children = (
				FE191C53212144A800239472 /* User.m */,
				FE191C54212144A800239472 /* User.h */,
			);
			path = User;
			sourceTree = "<group>";
		};
		FE191C55212144A800239472 /* Conversion */ = {
			isa = PBXGroup;
			children = (
				FE191C56212144A800239472 /* Conversion.h */,
				FE191C57212144A800239472 /* Conversion.m */,
			);
			path = Conversion;
			sourceTree = "<group>";
		};
		FE191C58212144A800239472 /* Purchase */ = {
			isa = PBXGroup;
			children = (
				FE191C59212144A800239472 /* Purchase.m */,
				FE191C5A212144A800239472 /* Purchase.h */,
			);
			path = Purchase;
			sourceTree = "<group>";
		};
		FE191C5B212144A800239472 /* Referrer */ = {
			isa = PBXGroup;
			children = (
				FE191C5C212144A800239472 /* Referrer.m */,
				FE191C5D212144A800239472 /* Referrer.h */,
			);
			path = Referrer;
			sourceTree = "<group>";
		};
		FE191C5E212144A800239472 /* Click */ = {
			isa = PBXGroup;
			children = (
				FE191C5F212144A800239472 /* Model */,
			);
			path = Click;
			sourceTree = "<group>";
		};
		FE191C5F212144A800239472 /* Model */ = {
			isa = PBXGroup;
			children = (
				FE191C60212144A800239472 /* ClickData.m */,
				FE191C61212144A800239472 /* ClickJson.h */,
				FE191C62212144A800239472 /* ClickData.h */,
				FE191C63212144A800239472 /* ClickJson.m */,
			);
			path = Model;
			sourceTree = "<group>";
		};
		FE191C64212144A800239472 /* Local DB */ = {
			isa = PBXGroup;
			children = (
				FE191C65212144A800239472 /* LocalDB.m */,
				FE191C66212144A800239472 /* LocalDB.h */,
			);
			path = "Local DB";
			sourceTree = "<group>";
		};
/* End PBXGroup section */

/* Begin PBXHeadersBuildPhase section */
		FE191BF72121444300239472 /* Headers */ = {
			isa = PBXHeadersBuildPhase;
			buildActionMask = 2147483647;
			files = (
				FE191C68212144A800239472 /* WT_GZIP.h in Headers */,
				FE191C67212144A800239472 /* GZIP.h in Headers */,
				FE191C87212144A800239472 /* NetworkManager.h in Headers */,
				FE191C74212144A800239472 /* NHNetAssociation.h in Headers */,
				FE191C97212144A800239472 /* Product.h in Headers */,
				FE191CA4212144A800239472 /* Purchase.h in Headers */,
				FE191C9B212144A800239472 /* Page.h in Headers */,
				FE191C7A212144A800239472 /* PagesJson.h in Headers */,
				FE191C92212144A800239472 /* DOTReachability.h in Headers */,
				FE191C70212144A800239472 /* NHNetworkClock.h in Headers */,
				FE191C98212144A800239472 /* CustomValue.h in Headers */,
				FE191C8B212144A800239472 /* Tracker.h in Headers */,
				FE191C78212144A800239472 /* NSDate+NetworkClock.h in Headers */,
				FE191C81212144A800239472 /* Visit.h in Headers */,
				FE191CAC212144A800239472 /* LocalDB.h in Headers */,
				FE191C75212144A800239472 /* GCDAsyncUdpSocket.h in Headers */,
				FE191C83212144A800239472 /* VisitAction.h in Headers */,
				FE191C82212144A800239472 /* Environment.h in Headers */,
				FE191CA8212144A800239472 /* ClickJson.h in Headers */,
				FE191CA9212144A800239472 /* ClickData.h in Headers */,
				FE191C6E212144A800239472 /* RevenueData.h in Headers */,
				FE191CA6212144A800239472 /* Referrer.h in Headers */,
				FE191C8D212144A800239472 /* GoalJson.h in Headers */,
				FE191C77212144A800239472 /* NHNetworkTime.h in Headers */,
				FE191C9E212144A800239472 /* Click.h in Headers */,
				FE191C8F212144A800239472 /* NSString+AESCrypt.h in Headers */,
				FE191C7B212144A800239472 /* SessionController.h in Headers */,
				FE191C7E212144A800239472 /* SessionManager.h in Headers */,
				FE191C6B212144A800239472 /* RevenueJson.h in Headers */,
				FE191C90212144A800239472 /* DOTUtil.h in Headers */,
				FE191C88212144A800239472 /* DOTAPIConstant.h in Headers */,
				FE191CA0212144A800239472 /* User.h in Headers */,
				FE191C91212144A800239472 /* DOTConstant.h in Headers */,
				FE191CA1212144A800239472 /* Conversion.h in Headers */,
				FE191C6F212144A800239472 /* NHNTLog.h in Headers */,
				FE191C85212144A800239472 /* SessionJson.h in Headers */,
				FE191C8E212144A800239472 /* NSData+AESCrypt.h in Headers */,
			);
			runOnlyForDeploymentPostprocessing = 0;
		};
/* End PBXHeadersBuildPhase section */

/* Begin PBXNativeTarget section */
		FE191BF92121444300239472 /* DOT */ = {
			isa = PBXNativeTarget;
			buildConfigurationList = FE191C022121444300239472 /* Build configuration list for PBXNativeTarget "DOT" */;
			buildPhases = (
				FE191BF52121444300239472 /* Sources */,
				FE191BF62121444300239472 /* Frameworks */,
				FE191BF72121444300239472 /* Headers */,
				FE191BF82121444300239472 /* Resources */,
				FE191CB8212145A500239472 /* CopyFiles */,
			);
			buildRules = (
			);
			dependencies = (
			);
			name = DOT;
			productName = DOT;
			productReference = FE191BFA2121444300239472 /* DOT.framework */;
			productType = "com.apple.product-type.framework";
		};
/* End PBXNativeTarget section */

/* Begin PBXProject section */
		FE191BF12121444300239472 /* Project object */ = {
			isa = PBXProject;
			attributes = {
				LastUpgradeCheck = 0940;
				ORGANIZATIONNAME = wisetracker;
				TargetAttributes = {
					FE191BF92121444300239472 = {
						CreatedOnToolsVersion = 9.4.1;
					};
				};
			};
			buildConfigurationList = FE191BF42121444300239472 /* Build configuration list for PBXProject "DOT" */;
			compatibilityVersion = "Xcode 9.3";
			developmentRegion = en;
			hasScannedForEncodings = 0;
			knownRegions = (
				en,
			);
			mainGroup = FE191BF02121444300239472;
			productRefGroup = FE191BFB2121444300239472 /* Products */;
			projectDirPath = "";
			projectRoot = "";
			targets = (
				FE191BF92121444300239472 /* DOT */,
			);
		};
/* End PBXProject section */

/* Begin PBXResourcesBuildPhase section */
		FE191BF82121444300239472 /* Resources */ = {
			isa = PBXResourcesBuildPhase;
			buildActionMask = 2147483647;
			files = (
			);
			runOnlyForDeploymentPostprocessing = 0;
		};
/* End PBXResourcesBuildPhase section */

/* Begin PBXSourcesBuildPhase section */
		FE191BF52121444300239472 /* Sources */ = {
			isa = PBXSourcesBuildPhase;
			buildActionMask = 2147483647;
			files = (
				FE191C96212144A800239472 /* DOTReachability.m in Sources */,
				FE191C89212144A800239472 /* NetworkManager.m in Sources */,
				FE191C9F212144A800239472 /* User.m in Sources */,
				FE191C6D212144A800239472 /* RevenueJson.m in Sources */,
				FE191C86212144A800239472 /* Environment.m in Sources */,
				FE191CA3212144A800239472 /* Purchase.m in Sources */,
				FE191CAA212144A800239472 /* ClickJson.m in Sources */,
				FE191CB0212144D100239472 /* DOT.m in Sources */,
				FE191C99212144A800239472 /* Product.m in Sources */,
				FE191C7F212144A800239472 /* VisitAction.m in Sources */,
				FE191C71212144A800239472 /* GCDAsyncUdpSocket.m in Sources */,
				FE191C94212144A800239472 /* NSData+AESCrypt.m in Sources */,
				FE191C9A212144A800239472 /* CustomValue.m in Sources */,
				FE191C80212144A800239472 /* SessionJson.m in Sources */,
				FE191C8C212144A800239472 /* GoalJson.m in Sources */,
				FE191C7D212144A800239472 /* SessionManager.m in Sources */,
				FE191C9D212144A800239472 /* Click.m in Sources */,
				FE191C8A212144A800239472 /* Tracker.m in Sources */,
				FE191CAB212144A800239472 /* LocalDB.m in Sources */,
				FE191C6A212144A800239472 /* WT_GZIP.m in Sources */,
				FE191C93212144A800239472 /* NSString+AESCrypt.m in Sources */,
				FE191CA5212144A800239472 /* Referrer.m in Sources */,
				FE191C9C212144A800239472 /* Page.m in Sources */,
				FE191C79212144A800239472 /* PagesJson.m in Sources */,
				FE191C69212144A800239472 /* GZIP.m in Sources */,
				FE191C6C212144A800239472 /* RevenueData.m in Sources */,
				FE191C95212144A800239472 /* DOTUtil.m in Sources */,
				FE191C73212144A800239472 /* NSDate+NetworkClock.m in Sources */,
				FE191C72212144A800239472 /* NHNetAssociation.m in Sources */,
				FE191CA7212144A800239472 /* ClickData.m in Sources */,
				FE191C84212144A800239472 /* Visit.m in Sources */,
				FE191CA2212144A800239472 /* Conversion.m in Sources */,
				FE191C7C212144A800239472 /* SessionController.m in Sources */,
				FE191C76212144A800239472 /* NHNetworkClock.m in Sources */,
			);
			runOnlyForDeploymentPostprocessing = 0;
		};
/* End PBXSourcesBuildPhase section */

/* Begin XCBuildConfiguration section */
		FE191C002121444300239472 /* Debug */ = {
			isa = XCBuildConfiguration;
			buildSettings = {
				ALWAYS_SEARCH_USER_PATHS = NO;
				CLANG_ANALYZER_NONNULL = YES;
				CLANG_ANALYZER_NUMBER_OBJECT_CONVERSION = YES_AGGRESSIVE;
				CLANG_CXX_LANGUAGE_STANDARD = "gnu++14";
				CLANG_CXX_LIBRARY = "libc++";
				CLANG_ENABLE_MODULES = YES;
				CLANG_ENABLE_OBJC_ARC = YES;
				CLANG_ENABLE_OBJC_WEAK = YES;
				CLANG_WARN_BLOCK_CAPTURE_AUTORELEASING = YES;
				CLANG_WARN_BOOL_CONVERSION = YES;
				CLANG_WARN_COMMA = YES;
				CLANG_WARN_CONSTANT_CONVERSION = YES;
				CLANG_WARN_DEPRECATED_OBJC_IMPLEMENTATIONS = YES;
				CLANG_WARN_DIRECT_OBJC_ISA_USAGE = YES_ERROR;
				CLANG_WARN_DOCUMENTATION_COMMENTS = YES;
				CLANG_WARN_EMPTY_BODY = YES;
				CLANG_WARN_ENUM_CONVERSION = YES;
				CLANG_WARN_INFINITE_RECURSION = YES;
				CLANG_WARN_INT_CONVERSION = YES;
				CLANG_WARN_NON_LITERAL_NULL_CONVERSION = YES;
				CLANG_WARN_OBJC_IMPLICIT_RETAIN_SELF = YES;
				CLANG_WARN_OBJC_LITERAL_CONVERSION = YES;
				CLANG_WARN_OBJC_ROOT_CLASS = YES_ERROR;
				CLANG_WARN_RANGE_LOOP_ANALYSIS = YES;
				CLANG_WARN_STRICT_PROTOTYPES = YES;
				CLANG_WARN_SUSPICIOUS_MOVE = YES;
				CLANG_WARN_UNGUARDED_AVAILABILITY = YES_AGGRESSIVE;
				CLANG_WARN_UNREACHABLE_CODE = YES;
				CLANG_WARN__DUPLICATE_METHOD_MATCH = YES;
				CODE_SIGN_IDENTITY = "iPhone Developer";
				COPY_PHASE_STRIP = NO;
				CURRENT_PROJECT_VERSION = 1;
				DEBUG_INFORMATION_FORMAT = dwarf;
				ENABLE_STRICT_OBJC_MSGSEND = YES;
				ENABLE_TESTABILITY = YES;
				GCC_C_LANGUAGE_STANDARD = gnu11;
				GCC_DYNAMIC_NO_PIC = NO;
				GCC_NO_COMMON_BLOCKS = YES;
				GCC_OPTIMIZATION_LEVEL = 0;
				GCC_PREPROCESSOR_DEFINITIONS = (
					"DEBUG=1",
					"$(inherited)",
				);
				GCC_WARN_64_TO_32_BIT_CONVERSION = YES;
				GCC_WARN_ABOUT_RETURN_TYPE = YES_ERROR;
				GCC_WARN_UNDECLARED_SELECTOR = YES;
				GCC_WARN_UNINITIALIZED_AUTOS = YES_AGGRESSIVE;
				GCC_WARN_UNUSED_FUNCTION = YES;
				GCC_WARN_UNUSED_VARIABLE = YES;
				IPHONEOS_DEPLOYMENT_TARGET = 11.4;
				MTL_ENABLE_DEBUG_INFO = YES;
				ONLY_ACTIVE_ARCH = YES;
				SDKROOT = iphoneos;
				VERSIONING_SYSTEM = "apple-generic";
				VERSION_INFO_PREFIX = "";
			};
			name = Debug;
		};
		FE191C012121444300239472 /* Release */ = {
			isa = XCBuildConfiguration;
			buildSettings = {
				ALWAYS_SEARCH_USER_PATHS = NO;
				CLANG_ANALYZER_NONNULL = YES;
				CLANG_ANALYZER_NUMBER_OBJECT_CONVERSION = YES_AGGRESSIVE;
				CLANG_CXX_LANGUAGE_STANDARD = "gnu++14";
				CLANG_CXX_LIBRARY = "libc++";
				CLANG_ENABLE_MODULES = YES;
				CLANG_ENABLE_OBJC_ARC = YES;
				CLANG_ENABLE_OBJC_WEAK = YES;
				CLANG_WARN_BLOCK_CAPTURE_AUTORELEASING = YES;
				CLANG_WARN_BOOL_CONVERSION = YES;
				CLANG_WARN_COMMA = YES;
				CLANG_WARN_CONSTANT_CONVERSION = YES;
				CLANG_WARN_DEPRECATED_OBJC_IMPLEMENTATIONS = YES;
				CLANG_WARN_DIRECT_OBJC_ISA_USAGE = YES_ERROR;
				CLANG_WARN_DOCUMENTATION_COMMENTS = YES;
				CLANG_WARN_EMPTY_BODY = YES;
				CLANG_WARN_ENUM_CONVERSION = YES;
				CLANG_WARN_INFINITE_RECURSION = YES;
				CLANG_WARN_INT_CONVERSION = YES;
				CLANG_WARN_NON_LITERAL_NULL_CONVERSION = YES;
				CLANG_WARN_OBJC_IMPLICIT_RETAIN_SELF = YES;
				CLANG_WARN_OBJC_LITERAL_CONVERSION = YES;
				CLANG_WARN_OBJC_ROOT_CLASS = YES_ERROR;
				CLANG_WARN_RANGE_LOOP_ANALYSIS = YES;
				CLANG_WARN_STRICT_PROTOTYPES = YES;
				CLANG_WARN_SUSPICIOUS_MOVE = YES;
				CLANG_WARN_UNGUARDED_AVAILABILITY = YES_AGGRESSIVE;
				CLANG_WARN_UNREACHABLE_CODE = YES;
				CLANG_WARN__DUPLICATE_METHOD_MATCH = YES;
				CODE_SIGN_IDENTITY = "iPhone Developer";
				COPY_PHASE_STRIP = NO;
				CURRENT_PROJECT_VERSION = 1;
				DEBUG_INFORMATION_FORMAT = "dwarf-with-dsym";
				ENABLE_NS_ASSERTIONS = NO;
				ENABLE_STRICT_OBJC_MSGSEND = YES;
				GCC_C_LANGUAGE_STANDARD = gnu11;
				GCC_NO_COMMON_BLOCKS = YES;
				GCC_WARN_64_TO_32_BIT_CONVERSION = YES;
				GCC_WARN_ABOUT_RETURN_TYPE = YES_ERROR;
				GCC_WARN_UNDECLARED_SELECTOR = YES;
				GCC_WARN_UNINITIALIZED_AUTOS = YES_AGGRESSIVE;
				GCC_WARN_UNUSED_FUNCTION = YES;
				GCC_WARN_UNUSED_VARIABLE = YES;
				IPHONEOS_DEPLOYMENT_TARGET = 11.4;
				MTL_ENABLE_DEBUG_INFO = NO;
				SDKROOT = iphoneos;
				VALIDATE_PRODUCT = YES;
				VERSIONING_SYSTEM = "apple-generic";
				VERSION_INFO_PREFIX = "";
			};
			name = Release;
		};
		FE191C032121444300239472 /* Debug */ = {
			isa = XCBuildConfiguration;
			buildSettings = {
				CODE_SIGN_IDENTITY = "";
				CODE_SIGN_STYLE = Automatic;
				DEFINES_MODULE = YES;
				DEVELOPMENT_TEAM = P8KRZA7924;
				DYLIB_COMPATIBILITY_VERSION = 1;
				DYLIB_CURRENT_VERSION = 1;
				DYLIB_INSTALL_NAME_BASE = "@rpath";
				FRAMEWORK_SEARCH_PATHS = (
					"$(inherited)",
					"$(PROJECT_DIR)",
				);
				INFOPLIST_FILE = DOT/Info.plist;
				INSTALL_PATH = "$(LOCAL_LIBRARY_DIR)/Frameworks";
				LD_RUNPATH_SEARCH_PATHS = (
					"$(inherited)",
					"@executable_path/Frameworks",
					"@loader_path/Frameworks",
				);
				PRODUCT_BUNDLE_IDENTIFIER = com.wisetracker.DOT;
				PRODUCT_NAME = "$(TARGET_NAME:c99extidentifier)";
				SKIP_INSTALL = YES;
				TARGETED_DEVICE_FAMILY = "1,2";
			};
			name = Debug;
		};
		FE191C042121444300239472 /* Release */ = {
			isa = XCBuildConfiguration;
			buildSettings = {
				CODE_SIGN_IDENTITY = "";
				CODE_SIGN_STYLE = Automatic;
				DEFINES_MODULE = YES;
				DEVELOPMENT_TEAM = P8KRZA7924;
				DYLIB_COMPATIBILITY_VERSION = 1;
				DYLIB_CURRENT_VERSION = 1;
				DYLIB_INSTALL_NAME_BASE = "@rpath";
				FRAMEWORK_SEARCH_PATHS = (
					"$(inherited)",
					"$(PROJECT_DIR)",
				);
				INFOPLIST_FILE = DOT/Info.plist;
				INSTALL_PATH = "$(LOCAL_LIBRARY_DIR)/Frameworks";
				LD_RUNPATH_SEARCH_PATHS = (
					"$(inherited)",
					"@executable_path/Frameworks",
					"@loader_path/Frameworks",
				);
				PRODUCT_BUNDLE_IDENTIFIER = com.wisetracker.DOT;
				PRODUCT_NAME = "$(TARGET_NAME:c99extidentifier)";
				SKIP_INSTALL = YES;
				TARGETED_DEVICE_FAMILY = "1,2";
			};
			name = Release;
		};
/* End XCBuildConfiguration section */

/* Begin XCConfigurationList section */
		FE191BF42121444300239472 /* Build configuration list for PBXProject "DOT" */ = {
			isa = XCConfigurationList;
			buildConfigurations = (
				FE191C002121444300239472 /* Debug */,
				FE191C012121444300239472 /* Release */,
			);
			defaultConfigurationIsVisible = 0;
			defaultConfigurationName = Release;
		};
		FE191C022121444300239472 /* Build configuration list for PBXNativeTarget "DOT" */ = {
			isa = XCConfigurationList;
			buildConfigurations = (
				FE191C032121444300239472 /* Debug */,
				FE191C042121444300239472 /* Release */,
			);
			defaultConfigurationIsVisible = 0;
			defaultConfigurationName = Release;
		};
/* End XCConfigurationList section */
	};
	rootObject = FE191BF12121444300239472 /* Project object */;
}
